
Microsoft Visual Studio Solution File, Format Version 12.00
# Visual Studio Version 17
VisualStudioVersion = 17.12.35707.178 d17.12
MinimumVisualStudioVersion = 10.0.40219.1
Project("{FAE04EC0-301F-11D3-BF4B-00C04F79EFBC}") = "PetCare_system", "PetCare_system.csproj", "{3DEFA6DA-D715-4E07-A822-873F2E2EF28F}"
EndProject
Project("{FAE04EC0-301F-11D3-BF4B-00C04F79EFBC}") = "PetCare_system.Tests", "..\PetCare_system.Tests\PetCare_system.Tests.csproj", "{CCAC3102-5A1D-431C-A902-31564460DE44}"
EndProject
Global
	GlobalSection(SolutionConfigurationPlatforms) = preSolution
		Debug|Any CPU = Debug|Any CPU
		Release|Any CPU = Release|Any CPU
	EndGlobalSection
	GlobalSection(ProjectConfigurationPlatforms) = postSolution
		{3DEFA6DA-D715-4E07-A822-873F2E2EF28F}.Debug|Any CPU.ActiveCfg = Debug|Any CPU
		{3DEFA6DA-D715-4E07-A822-873F2E2EF28F}.Debug|Any CPU.Build.0 = Debug|Any CPU
		{3DEFA6DA-D715-4E07-A822-873F2E2EF28F}.Release|Any CPU.ActiveCfg = Release|Any CPU
		{3DEFA6DA-D715-4E07-A822-873F2E2EF28F}.Release|Any CPU.Build.0 = Release|Any CPU
		{CCAC3102-5A1D-431C-A902-31564460DE44}.Debug|Any CPU.ActiveCfg = Debug|Any CPU
		{CCAC3102-5A1D-431C-A902-31564460DE44}.Debug|Any CPU.Build.0 = Debug|Any CPU
		{CCAC3102-5A1D-431C-A902-31564460DE44}.Release|Any CPU.ActiveCfg = Release|Any CPU
		{CCAC3102-5A1D-431C-A902-31564460DE44}.Release|Any CPU.Build.0 = Release|Any CPU
	EndGlobalSection
	GlobalSection(SolutionProperties) = preSolution
		HideSolutionNode = FALSE
	EndGlobalSection
EndGlobal
